
Microsoft Visual Studio Solution File, Format Version 12.00
# Visual Studio Version 17
VisualStudioVersion = 17.1.32228.430
MinimumVisualStudioVersion = 10.0.40219.1
Project("{FAE04EC0-301F-11D3-BF4B-00C04F79EFBC}") = "AdventureWorksWeb", "AdventureWorksWeb\AdventureWorksWeb.csproj", "{2F7EE0C7-84F9-48C7-9BC7-2227FF98F8A9}"
EndProject
Global
	GlobalSection(SolutionConfigurationPlatforms) = preSolution
		Debug|Any CPU = Debug|Any CPU
		Release|Any CPU = Release|Any CPU
	EndGlobalSection
	GlobalSection(ProjectConfigurationPlatforms) = postSolution
		{2F7EE0C7-84F9-48C7-9BC7-2227FF98F8A9}.Debug|Any CPU.ActiveCfg = Debug|Any CPU
		{2F7EE0C7-84F9-48C7-9BC7-2227FF98F8A9}.Debug|Any CPU.Build.0 = Debug|Any CPU
		{2F7EE0C7-84F9-48C7-9BC7-2227FF98F8A9}.Release|Any CPU.ActiveCfg = Release|Any CPU
		{2F7EE0C7-84F9-48C7-9BC7-2227FF98F8A9}.Release|Any CPU.Build.0 = Release|Any CPU
	EndGlobalSection
	GlobalSection(SolutionProperties) = preSolution
		HideSolutionNode = FALSE
	EndGlobalSection
	GlobalSection(ExtensibilityGlobals) = postSolution
		SolutionGuid = {6E77362E-5AC6-4437-96DC-173927C70CD4}
	EndGlobalSection
EndGlobal
